
Microsoft Visual Studio Solution File, Format Version 12.00
# Visual Studio Version 16
VisualStudioVersion = 16.0.29519.87
MinimumVisualStudioVersion = 10.0.40219.1
Project("{8BC9CEB8-8B4A-11D0-8D11-00A0C91BC942}") = "FrostUI", "FrostUI\FrostUI.vcxproj", "{EBBF3C3A-BD08-400C-8E0F-7841BD48D25F}"
EndProject
Global
	GlobalSection(SolutionConfigurationPlatforms) = preSolution
		Debug|x64 = Debug|x64
		Debug|x86 = Debug|x86
		Release|x64 = Release|x64
		Release|x86 = Release|x86
	EndGlobalSection
	GlobalSection(ProjectConfigurationPlatforms) = postSolution
		{EBBF3C3A-BD08-400C-8E0F-7841BD48D25F}.Debug|x64.ActiveCfg = Debug|x64
		{EBBF3C3A-BD08-400C-8E0F-7841BD48D25F}.Debug|x64.Build.0 = Debug|x64
		{EBBF3C3A-BD08-400C-8E0F-7841BD48D25F}.Debug|x86.ActiveCfg = Debug|Win32
		{EBBF3C3A-BD08-400C-8E0F-7841BD48D25F}.Debug|x86.Build.0 = Debug|Win32
		{EBBF3C3A-BD08-400C-8E0F-7841BD48D25F}.Release|x64.ActiveCfg = Release|x64
		{EBBF3C3A-BD08-400C-8E0F-7841BD48D25F}.Release|x64.Build.0 = Release|x64
		{EBBF3C3A-BD08-400C-8E0F-7841BD48D25F}.Release|x86.ActiveCfg = Release|Win32
		{EBBF3C3A-BD08-400C-8E0F-7841BD48D25F}.Release|x86.Build.0 = Release|Win32
	EndGlobalSection
	GlobalSection(SolutionProperties) = preSolution
		HideSolutionNode = FALSE
	EndGlobalSection
	GlobalSection(ExtensibilityGlobals) = postSolution
		SolutionGuid = {1C8039C0-3B6D-44E5-80BC-7EC540C2F11B}
	EndGlobalSection
EndGlobal
